
Microsoft Visual Studio Solution File, Format Version 12.00
# Visual Studio Version 17
VisualStudioVersion = 17.9.34728.123
MinimumVisualStudioVersion = 10.0.40219.1
Project("{8BC9CEB8-8B4A-11D0-8D11-00A0C91BC942}") = "Program", "Program.vcxproj", "{43E91087-1F1F-47F3-B8D9-3EDB43235B12}"
EndProject
Project("{8BC9CEB8-8B4A-11D0-8D11-00A0C91BC942}") = "Class1th (Compile)", "..\Class1th (Compile)\Class1th (Compile).vcxproj", "{4384193C-5530-4CEE-A3D7-8C25740F9550}"
EndProject
Project("{8BC9CEB8-8B4A-11D0-8D11-00A0C91BC942}") = "Class2th (Variable & Constant)", "..\Class2th (Variable & Constant)\Class2th (Variable & Constant).vcxproj", "{C9B32C47-4F4C-4391-B3AF-C756B7C181A4}"
EndProject
Project("{8BC9CEB8-8B4A-11D0-8D11-00A0C91BC942}") = "Class3th (Bit)", "..\Class3th (Bit)\Class3th (Bit).vcxproj", "{1F7C6D20-A161-4900-ADFF-F3FDB075386C}"
EndProject
Project("{8BC9CEB8-8B4A-11D0-8D11-00A0C91BC942}") = "Class4th (Overflow & Underflow)", "..\Class4th (Overflow & Underflow)\Class4th (Overflow & Underflow).vcxproj", "{BC013365-E74B-4B20-B130-E1D416DEDAF5}"
EndProject
Project("{8BC9CEB8-8B4A-11D0-8D11-00A0C91BC942}") = "Class5th (Conditional Statement)", "..\Class5th (Conditional Statement)\Class5th (Conditional Statement).vcxproj", "{F1EE6B5F-5E06-41B3-9CDC-26E1CDB22C98}"
EndProject
Project("{8BC9CEB8-8B4A-11D0-8D11-00A0C91BC942}") = "Class6th (Iteration Statement)", "..\Class6th (Iteration Statement)\Class6th (Iteration Statement).vcxproj", "{565E4F25-10C0-4311-9A48-3095EE588371}"
EndProject
Global
	GlobalSection(SolutionConfigurationPlatforms) = preSolution
		Debug|x64 = Debug|x64
		Debug|x86 = Debug|x86
		Release|x64 = Release|x64
		Release|x86 = Release|x86
	EndGlobalSection
	GlobalSection(ProjectConfigurationPlatforms) = postSolution
		{43E91087-1F1F-47F3-B8D9-3EDB43235B12}.Debug|x64.ActiveCfg = Debug|x64
		{43E91087-1F1F-47F3-B8D9-3EDB43235B12}.Debug|x64.Build.0 = Debug|x64
		{43E91087-1F1F-47F3-B8D9-3EDB43235B12}.Debug|x86.ActiveCfg = Debug|Win32
		{43E91087-1F1F-47F3-B8D9-3EDB43235B12}.Debug|x86.Build.0 = Debug|Win32
		{43E91087-1F1F-47F3-B8D9-3EDB43235B12}.Release|x64.ActiveCfg = Release|x64
		{43E91087-1F1F-47F3-B8D9-3EDB43235B12}.Release|x64.Build.0 = Release|x64
		{43E91087-1F1F-47F3-B8D9-3EDB43235B12}.Release|x86.ActiveCfg = Release|Win32
		{43E91087-1F1F-47F3-B8D9-3EDB43235B12}.Release|x86.Build.0 = Release|Win32
		{4384193C-5530-4CEE-A3D7-8C25740F9550}.Debug|x64.ActiveCfg = Debug|x64
		{4384193C-5530-4CEE-A3D7-8C25740F9550}.Debug|x64.Build.0 = Debug|x64
		{4384193C-5530-4CEE-A3D7-8C25740F9550}.Debug|x86.ActiveCfg = Debug|Win32
		{4384193C-5530-4CEE-A3D7-8C25740F9550}.Debug|x86.Build.0 = Debug|Win32
		{4384193C-5530-4CEE-A3D7-8C25740F9550}.Release|x64.ActiveCfg = Release|x64
		{4384193C-5530-4CEE-A3D7-8C25740F9550}.Release|x64.Build.0 = Release|x64
		{4384193C-5530-4CEE-A3D7-8C25740F9550}.Release|x86.ActiveCfg = Release|Win32
		{4384193C-5530-4CEE-A3D7-8C25740F9550}.Release|x86.Build.0 = Release|Win32
		{C9B32C47-4F4C-4391-B3AF-C756B7C181A4}.Debug|x64.ActiveCfg = Debug|x64
		{C9B32C47-4F4C-4391-B3AF-C756B7C181A4}.Debug|x64.Build.0 = Debug|x64
		{C9B32C47-4F4C-4391-B3AF-C756B7C181A4}.Debug|x86.ActiveCfg = Debug|Win32
		{C9B32C47-4F4C-4391-B3AF-C756B7C181A4}.Debug|x86.Build.0 = Debug|Win32
		{C9B32C47-4F4C-4391-B3AF-C756B7C181A4}.Release|x64.ActiveCfg = Release|x64
		{C9B32C47-4F4C-4391-B3AF-C756B7C181A4}.Release|x64.Build.0 = Release|x64
		{C9B32C47-4F4C-4391-B3AF-C756B7C181A4}.Release|x86.ActiveCfg = Release|Win32
		{C9B32C47-4F4C-4391-B3AF-C756B7C181A4}.Release|x86.Build.0 = Release|Win32
		{1F7C6D20-A161-4900-ADFF-F3FDB075386C}.Debug|x64.ActiveCfg = Debug|x64
		{1F7C6D20-A161-4900-ADFF-F3FDB075386C}.Debug|x64.Build.0 = Debug|x64
		{1F7C6D20-A161-4900-ADFF-F3FDB075386C}.Debug|x86.ActiveCfg = Debug|Win32
		{1F7C6D20-A161-4900-ADFF-F3FDB075386C}.Debug|x86.Build.0 = Debug|Win32
		{1F7C6D20-A161-4900-ADFF-F3FDB075386C}.Release|x64.ActiveCfg = Release|x64
		{1F7C6D20-A161-4900-ADFF-F3FDB075386C}.Release|x64.Build.0 = Release|x64
		{1F7C6D20-A161-4900-ADFF-F3FDB075386C}.Release|x86.ActiveCfg = Release|Win32
		{1F7C6D20-A161-4900-ADFF-F3FDB075386C}.Release|x86.Build.0 = Release|Win32
		{BC013365-E74B-4B20-B130-E1D416DEDAF5}.Debug|x64.ActiveCfg = Debug|x64
		{BC013365-E74B-4B20-B130-E1D416DEDAF5}.Debug|x64.Build.0 = Debug|x64
		{BC013365-E74B-4B20-B130-E1D416DEDAF5}.Debug|x86.ActiveCfg = Debug|Win32
		{BC013365-E74B-4B20-B130-E1D416DEDAF5}.Debug|x86.Build.0 = Debug|Win32
		{BC013365-E74B-4B20-B130-E1D416DEDAF5}.Release|x64.ActiveCfg = Release|x64
		{BC013365-E74B-4B20-B130-E1D416DEDAF5}.Release|x64.Build.0 = Release|x64
		{BC013365-E74B-4B20-B130-E1D416DEDAF5}.Release|x86.ActiveCfg = Release|Win32
		{BC013365-E74B-4B20-B130-E1D416DEDAF5}.Release|x86.Build.0 = Release|Win32
		{F1EE6B5F-5E06-41B3-9CDC-26E1CDB22C98}.Debug|x64.ActiveCfg = Debug|x64
		{F1EE6B5F-5E06-41B3-9CDC-26E1CDB22C98}.Debug|x64.Build.0 = Debug|x64
		{F1EE6B5F-5E06-41B3-9CDC-26E1CDB22C98}.Debug|x86.ActiveCfg = Debug|Win32
		{F1EE6B5F-5E06-41B3-9CDC-26E1CDB22C98}.Debug|x86.Build.0 = Debug|Win32
		{F1EE6B5F-5E06-41B3-9CDC-26E1CDB22C98}.Release|x64.ActiveCfg = Release|x64
		{F1EE6B5F-5E06-41B3-9CDC-26E1CDB22C98}.Release|x64.Build.0 = Release|x64
		{F1EE6B5F-5E06-41B3-9CDC-26E1CDB22C98}.Release|x86.ActiveCfg = Release|Win32
		{F1EE6B5F-5E06-41B3-9CDC-26E1CDB22C98}.Release|x86.Build.0 = Release|Win32
		{565E4F25-10C0-4311-9A48-3095EE588371}.Debug|x64.ActiveCfg = Debug|x64
		{565E4F25-10C0-4311-9A48-3095EE588371}.Debug|x64.Build.0 = Debug|x64
		{565E4F25-10C0-4311-9A48-3095EE588371}.Debug|x86.ActiveCfg = Debug|Win32
		{565E4F25-10C0-4311-9A48-3095EE588371}.Debug|x86.Build.0 = Debug|Win32
		{565E4F25-10C0-4311-9A48-3095EE588371}.Release|x64.ActiveCfg = Release|x64
		{565E4F25-10C0-4311-9A48-3095EE588371}.Release|x64.Build.0 = Release|x64
		{565E4F25-10C0-4311-9A48-3095EE588371}.Release|x86.ActiveCfg = Release|Win32
		{565E4F25-10C0-4311-9A48-3095EE588371}.Release|x86.Build.0 = Release|Win32
	EndGlobalSection
	GlobalSection(SolutionProperties) = preSolution
		HideSolutionNode = FALSE
	EndGlobalSection
	GlobalSection(ExtensibilityGlobals) = postSolution
		SolutionGuid = {952E0214-5713-42EE-AD9F-B1AC917A9543}
	EndGlobalSection
EndGlobal
